
Microsoft Visual Studio Solution File, Format Version 12.00
# Visual Studio Version 17
VisualStudioVersion = 17.3.32804.467
MinimumVisualStudioVersion = 10.0.40219.1
Project("{9A19103F-16F7-4668-BE54-9A1E7A4F7556}") = "developerCS", "developerCS.csproj", "{30E981D8-574D-43E5-B2CF-464452A5FA4B}"
EndProject
Global
	GlobalSection(SolutionConfigurationPlatforms) = preSolution
		Debug|Any CPU = Debug|Any CPU
		Debug|x64 = Debug|x64
		Release|Any CPU = Release|Any CPU
		Release|x64 = Release|x64
	EndGlobalSection
	GlobalSection(ProjectConfigurationPlatforms) = postSolution
		{30E981D8-574D-43E5-B2CF-464452A5FA4B}.Debug|Any CPU.ActiveCfg = Debug|Any CPU
		{30E981D8-574D-43E5-B2CF-464452A5FA4B}.Debug|Any CPU.Build.0 = Debug|Any CPU
		{30E981D8-574D-43E5-B2CF-464452A5FA4B}.Debug|x64.ActiveCfg = Debug|Any CPU
		{30E981D8-574D-43E5-B2CF-464452A5FA4B}.Debug|x64.Build.0 = Debug|Any CPU
		{30E981D8-574D-43E5-B2CF-464452A5FA4B}.Release|Any CPU.ActiveCfg = Release|Any CPU
		{30E981D8-574D-43E5-B2CF-464452A5FA4B}.Release|Any CPU.Build.0 = Release|Any CPU
		{30E981D8-574D-43E5-B2CF-464452A5FA4B}.Release|x64.ActiveCfg = Release|x64
		{30E981D8-574D-43E5-B2CF-464452A5FA4B}.Release|x64.Build.0 = Release|x64
	EndGlobalSection
	GlobalSection(SolutionProperties) = preSolution
		HideSolutionNode = FALSE
	EndGlobalSection
	GlobalSection(ExtensibilityGlobals) = postSolution
		SolutionGuid = {39CF2F7C-B71F-4A6E-9F05-D35E04D2D3C2}
	EndGlobalSection
EndGlobal
